// !$*UTF8*$!
{
	archiveVersion = 1;
	classes = {
	};
	objectVersion = 50;
	objects = {

/* Begin PBXBuildFile section */
		3B14F3802284797E004D3FE3 /* AppDelegate.m in Sources */ = {isa = PBXBuildFile; fileRef = 3B14F37F2284797E004D3FE3 /* AppDelegate.m */; };
		3B14F3832284797E004D3FE3 /* ViewController.m in Sources */ = {isa = PBXBuildFile; fileRef = 3B14F3822284797E004D3FE3 /* ViewController.m */; };
		3B14F3882284797F004D3FE3 /* Assets.xcassets in Resources */ = {isa = PBXBuildFile; fileRef = 3B14F3872284797F004D3FE3 /* Assets.xcassets */; };
		3B14F38E2284797F004D3FE3 /* main.m in Sources */ = {isa = PBXBuildFile; fileRef = 3B14F38D2284797F004D3FE3 /* main.m */; };
		3B14F3982284797F004D3FE3 /* YZAlertDemoTests.m in Sources */ = {isa = PBXBuildFile; fileRef = 3B14F3972284797F004D3FE3 /* YZAlertDemoTests.m */; };
		3B14F3A32284797F004D3FE3 /* YZAlertDemoUITests.m in Sources */ = {isa = PBXBuildFile; fileRef = 3B14F3A22284797F004D3FE3 /* YZAlertDemoUITests.m */; };
		3B14F3B322847C19004D3FE3 /* libYZAlert.a in Frameworks */ = {isa = PBXBuildFile; fileRef = 3B14F3B222847C19004D3FE3 /* libYZAlert.a */; };
/* End PBXBuildFile section */

/* Begin PBXContainerItemProxy section */
		3B14F3942284797F004D3FE3 /* PBXContainerItemProxy */ = {
			isa = PBXContainerItemProxy;
			containerPortal = 3B14F3732284797D004D3FE3 /* Project object */;
			proxyType = 1;
			remoteGlobalIDString = 3B14F37A2284797E004D3FE3;
			remoteInfo = YZAlertDemo;
		};
		3B14F39F2284797F004D3FE3 /* PBXContainerItemProxy */ = {
			isa = PBXContainerItemProxy;
			containerPortal = 3B14F3732284797D004D3FE3 /* Project object */;
			proxyType = 1;
			remoteGlobalIDString = 3B14F37A2284797E004D3FE3;
			remoteInfo = YZAlertDemo;
		};
/* End PBXContainerItemProxy section */

/* Begin PBXFileReference section */
		3B14F37B2284797E004D3FE3 /* YZAlertDemo.app */ = {isa = PBXFileReference; explicitFileType = wrapper.application; includeInIndex = 0; path = YZAlertDemo.app; sourceTree = BUILT_PRODUCTS_DIR; };
		3B14F37E2284797E004D3FE3 /* AppDelegate.h */ = {isa = PBXFileReference; lastKnownFileType = sourcecode.c.h; path = AppDelegate.h; sourceTree = "<group>"; };
		3B14F37F2284797E004D3FE3 /* AppDelegate.m */ = {isa = PBXFileReference; lastKnownFileType = sourcecode.c.objc; path = AppDelegate.m; sourceTree = "<group>"; };
		3B14F3812284797E004D3FE3 /* ViewController.h */ = {isa = PBXFileReference; lastKnownFileType = sourcecode.c.h; path = ViewController.h; sourceTree = "<group>"; };
		3B14F3822284797E004D3FE3 /* ViewController.m */ = {isa = PBXFileReference; lastKnownFileType = sourcecode.c.objc; path = ViewController.m; sourceTree = "<group>"; };
		3B14F3872284797F004D3FE3 /* Assets.xcassets */ = {isa = PBXFileReference; lastKnownFileType = folder.assetcatalog; path = Assets.xcassets; sourceTree = "<group>"; };
		3B14F38C2284797F004D3FE3 /* Info.plist */ = {isa = PBXFileReference; lastKnownFileType = text.plist.xml; path = Info.plist; sourceTree = "<group>"; };
		3B14F38D2284797F004D3FE3 /* main.m */ = {isa = PBXFileReference; lastKnownFileType = sourcecode.c.objc; path = main.m; sourceTree = "<group>"; };
		3B14F3932284797F004D3FE3 /* YZAlertDemoTests.xctest */ = {isa = PBXFileReference; explicitFileType = wrapper.cfbundle; includeInIndex = 0; path = YZAlertDemoTests.xctest; sourceTree = BUILT_PRODUCTS_DIR; };
		3B14F3972284797F004D3FE3 /* YZAlertDemoTests.m */ = {isa = PBXFileReference; lastKnownFileType = sourcecode.c.objc; path = YZAlertDemoTests.m; sourceTree = "<group>"; };
		3B14F3992284797F004D3FE3 /* Info.plist */ = {isa = PBXFileReference; lastKnownFileType = text.plist.xml; path = Info.plist; sourceTree = "<group>"; };
		3B14F39E2284797F004D3FE3 /* YZAlertDemoUITests.xctest */ = {isa = PBXFileReference; explicitFileType = wrapper.cfbundle; includeInIndex = 0; path = YZAlertDemoUITests.xctest; sourceTree = BUILT_PRODUCTS_DIR; };
		3B14F3A22284797F004D3FE3 /* YZAlertDemoUITests.m */ = {isa = PBXFileReference; lastKnownFileType = sourcecode.c.objc; path = YZAlertDemoUITests.m; sourceTree = "<group>"; };
		3B14F3A42284797F004D3FE3 /* Info.plist */ = {isa = PBXFileReference; lastKnownFileType = text.plist.xml; path = Info.plist; sourceTree = "<group>"; };
		3B14F3B122847C19004D3FE3 /* YZAlert.h */ = {isa = PBXFileReference; fileEncoding = 4; lastKnownFileType = sourcecode.c.h; path = YZAlert.h; sourceTree = "<group>"; };
		3B14F3B222847C19004D3FE3 /* libYZAlert.a */ = {isa = PBXFileReference; lastKnownFileType = archive.ar; path = libYZAlert.a; sourceTree = "<group>"; };
/* End PBXFileReference section */

/* Begin PBXFrameworksBuildPhase section */
		3B14F3782284797E004D3FE3 /* Frameworks */ = {
			isa = PBXFrameworksBuildPhase;
			buildActionMask = 2147483647;
			files = (
				3B14F3B322847C19004D3FE3 /* libYZAlert.a in Frameworks */,
			);
			runOnlyForDeploymentPostprocessing = 0;
		};
		3B14F3902284797F004D3FE3 /* Frameworks */ = {
			isa = PBXFrameworksBuildPhase;
			buildActionMask = 2147483647;
			files = (
			);
			runOnlyForDeploymentPostprocessing = 0;
		};
		3B14F39B2284797F004D3FE3 /* Frameworks */ = {
			isa = PBXFrameworksBuildPhase;
			buildActionMask = 2147483647;
			files = (
			);
			runOnlyForDeploymentPostprocessing = 0;
		};
/* End PBXFrameworksBuildPhase section */

/* Begin PBXGroup section */
		3B14F3722284797D004D3FE3 = {
			isa = PBXGroup;
			children = (
				3B14F37D2284797E004D3FE3 /* YZAlertDemo */,
				3B14F3962284797F004D3FE3 /* YZAlertDemoTests */,
				3B14F3A12284797F004D3FE3 /* YZAlertDemoUITests */,
				3B14F37C2284797E004D3FE3 /* Products */,
			);
			sourceTree = "<group>";
		};
		3B14F37C2284797E004D3FE3 /* Products */ = {
			isa = PBXGroup;
			children = (
				3B14F37B2284797E004D3FE3 /* YZAlertDemo.app */,
				3B14F3932284797F004D3FE3 /* YZAlertDemoTests.xctest */,
				3B14F39E2284797F004D3FE3 /* YZAlertDemoUITests.xctest */,
			);
			name = Products;
			sourceTree = "<group>";
		};
		3B14F37D2284797E004D3FE3 /* YZAlertDemo */ = {
			isa = PBXGroup;
			children = (
				3B14F3B022847C19004D3FE3 /* YZAlert */,
				3B14F37E2284797E004D3FE3 /* AppDelegate.h */,
				3B14F37F2284797E004D3FE3 /* AppDelegate.m */,
				3B14F3812284797E004D3FE3 /* ViewController.h */,
				3B14F3822284797E004D3FE3 /* ViewController.m */,
				3B14F3872284797F004D3FE3 /* Assets.xcassets */,
				3B14F38C2284797F004D3FE3 /* Info.plist */,
				3B14F38D2284797F004D3FE3 /* main.m */,
			);
			path = YZAlertDemo;
			sourceTree = "<group>";
		};
		3B14F3962284797F004D3FE3 /* YZAlertDemoTests */ = {
			isa = PBXGroup;
			children = (
				3B14F3972284797F004D3FE3 /* YZAlertDemoTests.m */,
				3B14F3992284797F004D3FE3 /* Info.plist */,
			);
			path = YZAlertDemoTests;
			sourceTree = "<group>";
		};
		3B14F3A12284797F004D3FE3 /* YZAlertDemoUITests */ = {
			isa = PBXGroup;
			children = (
				3B14F3A22284797F004D3FE3 /* YZAlertDemoUITests.m */,
				3B14F3A42284797F004D3FE3 /* Info.plist */,
			);
			path = YZAlertDemoUITests;
			sourceTree = "<group>";
		};
		3B14F3B022847C19004D3FE3 /* YZAlert */ = {
			isa = PBXGroup;
			children = (
				3B14F3B122847C19004D3FE3 /* YZAlert.h */,
				3B14F3B222847C19004D3FE3 /* libYZAlert.a */,
			);
			path = YZAlert;
			sourceTree = "<group>";
		};
/* End PBXGroup section */

/* Begin PBXNativeTarget section */
		3B14F37A2284797E004D3FE3 /* YZAlertDemo */ = {
			isa = PBXNativeTarget;
			buildConfigurationList = 3B14F3A72284797F004D3FE3 /* Build configuration list for PBXNativeTarget "YZAlertDemo" */;
			buildPhases = (
				3B14F3772284797E004D3FE3 /* Sources */,
				3B14F3782284797E004D3FE3 /* Frameworks */,
				3B14F3792284797E004D3FE3 /* Resources */,
			);
			buildRules = (
			);
			dependencies = (
			);
			name = YZAlertDemo;
			productName = YZAlertDemo;
			productReference = 3B14F37B2284797E004D3FE3 /* YZAlertDemo.app */;
			productType = "com.apple.product-type.application";
		};
		3B14F3922284797F004D3FE3 /* YZAlertDemoTests */ = {
			isa = PBXNativeTarget;
			buildConfigurationList = 3B14F3AA2284797F004D3FE3 /* Build configuration list for PBXNativeTarget "YZAlertDemoTests" */;
			buildPhases = (
				3B14F38F2284797F004D3FE3 /* Sources */,
				3B14F3902284797F004D3FE3 /* Frameworks */,
				3B14F3912284797F004D3FE3 /* Resources */,
			);
			buildRules = (
			);
			dependencies = (
				3B14F3952284797F004D3FE3 /* PBXTargetDependency */,
			);
			name = YZAlertDemoTests;
			productName = YZAlertDemoTests;
			productReference = 3B14F3932284797F004D3FE3 /* YZAlertDemoTests.xctest */;
			productType = "com.apple.product-type.bundle.unit-test";
		};
		3B14F39D2284797F004D3FE3 /* YZAlertDemoUITests */ = {
			isa = PBXNativeTarget;
			buildConfigurationList = 3B14F3AD2284797F004D3FE3 /* Build configuration list for PBXNativeTarget "YZAlertDemoUITests" */;
			buildPhases = (
				3B14F39A2284797F004D3FE3 /* Sources */,
				3B14F39B2284797F004D3FE3 /* Frameworks */,
				3B14F39C2284797F004D3FE3 /* Resources */,
			);
			buildRules = (
			);
			dependencies = (
				3B14F3A02284797F004D3FE3 /* PBXTargetDependency */,
			);
			name = YZAlertDemoUITests;
			productName = YZAlertDemoUITests;
			productReference = 3B14F39E2284797F004D3FE3 /* YZAlertDemoUITests.xctest */;
			productType = "com.apple.product-type.bundle.ui-testing";
		};
/* End PBXNativeTarget section */

/* Begin PBXProject section */
		3B14F3732284797D004D3FE3 /* Project object */ = {
			isa = PBXProject;
			attributes = {
				LastUpgradeCheck = 1020;
				ORGANIZATIONNAME = yz;
				TargetAttributes = {
					3B14F37A2284797E004D3FE3 = {
						CreatedOnToolsVersion = 10.2;
					};
					3B14F3922284797F004D3FE3 = {
						CreatedOnToolsVersion = 10.2;
						TestTargetID = 3B14F37A2284797E004D3FE3;
					};
					3B14F39D2284797F004D3FE3 = {
						CreatedOnToolsVersion = 10.2;
						TestTargetID = 3B14F37A2284797E004D3FE3;
					};
				};
			};
			buildConfigurationList = 3B14F3762284797D004D3FE3 /* Build configuration list for PBXProject "YZAlertDemo" */;
			compatibilityVersion = "Xcode 9.3";
			developmentRegion = en;
			hasScannedForEncodings = 0;
			knownRegions = (
				en,
				Base,
			);
			mainGroup = 3B14F3722284797D004D3FE3;
			productRefGroup = 3B14F37C2284797E004D3FE3 /* Products */;
			projectDirPath = "";
			projectRoot = "";
			targets = (
				3B14F37A2284797E004D3FE3 /* YZAlertDemo */,
				3B14F3922284797F004D3FE3 /* YZAlertDemoTests */,
				3B14F39D2284797F004D3FE3 /* YZAlertDemoUITests */,
			);
		};
/* End PBXProject section */

/* Begin PBXResourcesBuildPhase section */
		3B14F3792284797E004D3FE3 /* Resources */ = {
			isa = PBXResourcesBuildPhase;
			buildActionMask = 2147483647;
			files = (
				3B14F3882284797F004D3FE3 /* Assets.xcassets in Resources */,
			);
			runOnlyForDeploymentPostprocessing = 0;
		};
		3B14F3912284797F004D3FE3 /* Resources */ = {
			isa = PBXResourcesBuildPhase;
			buildActionMask = 2147483647;
			files = (
			);
			runOnlyForDeploymentPostprocessing = 0;
		};
		3B14F39C2284797F004D3FE3 /* Resources */ = {
			isa = PBXResourcesBuildPhase;
			buildActionMask = 2147483647;
			files = (
			);
			runOnlyForDeploymentPostprocessing = 0;
		};
/* End PBXResourcesBuildPhase section */

/* Begin PBXSourcesBuildPhase section */
		3B14F3772284797E004D3FE3 /* Sources */ = {
			isa = PBXSourcesBuildPhase;
			buildActionMask = 2147483647;
			files = (
				3B14F3832284797E004D3FE3 /* ViewController.m in Sources */,
				3B14F38E2284797F004D3FE3 /* main.m in Sources */,
				3B14F3802284797E004D3FE3 /* AppDelegate.m in Sources */,
			);
			runOnlyForDeploymentPostprocessing = 0;
		};
		3B14F38F2284797F004D3FE3 /* Sources */ = {
			isa = PBXSourcesBuildPhase;
			buildActionMask = 2147483647;
			files = (
				3B14F3982284797F004D3FE3 /* YZAlertDemoTests.m in Sources */,
			);
			runOnlyForDeploymentPostprocessing = 0;
		};
		3B14F39A2284797F004D3FE3 /* Sources */ = {
			isa = PBXSourcesBuildPhase;
			buildActionMask = 2147483647;
			files = (
				3B14F3A32284797F004D3FE3 /* YZAlertDemoUITests.m in Sources */,
			);
			runOnlyForDeploymentPostprocessing = 0;
		};
/* End PBXSourcesBuildPhase section */

/* Begin PBXTargetDependency section */
		3B14F3952284797F004D3FE3 /* PBXTargetDependency */ = {
			isa = PBXTargetDependency;
			target = 3B14F37A2284797E004D3FE3 /* YZAlertDemo */;
			targetProxy = 3B14F3942284797F004D3FE3 /* PBXContainerItemProxy */;
		};
		3B14F3A02284797F004D3FE3 /* PBXTargetDependency */ = {
			isa = PBXTargetDependency;
			target = 3B14F37A2284797E004D3FE3 /* YZAlertDemo */;
			targetProxy = 3B14F39F2284797F004D3FE3 /* PBXContainerItemProxy */;
		};
/* End PBXTargetDependency section */

/* Begin XCBuildConfiguration section */
		3B14F3A52284797F004D3FE3 /* Debug */ = {
			isa = XCBuildConfiguration;
			buildSettings = {
				ALWAYS_SEARCH_USER_PATHS = NO;
				CLANG_ANALYZER_NONNULL = YES;
				CLANG_ANALYZER_NUMBER_OBJECT_CONVERSION = YES_AGGRESSIVE;
				CLANG_CXX_LANGUAGE_STANDARD = "gnu++14";
				CLANG_CXX_LIBRARY = "libc++";
				CLANG_ENABLE_MODULES = YES;
				CLANG_ENABLE_OBJC_ARC = YES;
				CLANG_ENABLE_OBJC_WEAK = YES;
				CLANG_WARN_BLOCK_CAPTURE_AUTORELEASING = YES;
				CLANG_WARN_BOOL_CONVERSION = YES;
				CLANG_WARN_COMMA = YES;
				CLANG_WARN_CONSTANT_CONVERSION = YES;
				CLANG_WARN_DEPRECATED_OBJC_IMPLEMENTATIONS = YES;
				CLANG_WARN_DIRECT_OBJC_ISA_USAGE = YES_ERROR;
				CLANG_WARN_DOCUMENTATION_COMMENTS = YES;
				CLANG_WARN_EMPTY_BODY = YES;
				CLANG_WARN_ENUM_CONVERSION = YES;
				CLANG_WARN_INFINITE_RECURSION = YES;
				CLANG_WARN_INT_CONVERSION = YES;
				CLANG_WARN_NON_LITERAL_NULL_CONVERSION = YES;
				CLANG_WARN_OBJC_IMPLICIT_RETAIN_SELF = YES;
				CLANG_WARN_OBJC_LITERAL_CONVERSION = YES;
				CLANG_WARN_OBJC_ROOT_CLASS = YES_ERROR;
				CLANG_WARN_RANGE_LOOP_ANALYSIS = YES;
				CLANG_WARN_STRICT_PROTOTYPES = YES;
				CLANG_WARN_SUSPICIOUS_MOVE = YES;
				CLANG_WARN_UNGUARDED_AVAILABILITY = YES_AGGRESSIVE;
				CLANG_WARN_UNREACHABLE_CODE = YES;
				CLANG_WARN__DUPLICATE_METHOD_MATCH = YES;
				CODE_SIGN_IDENTITY = "iPhone Developer";
				COPY_PHASE_STRIP = NO;
				DEBUG_INFORMATION_FORMAT = dwarf;
				ENABLE_STRICT_OBJC_MSGSEND = YES;
				ENABLE_TESTABILITY = YES;
				GCC_C_LANGUAGE_STANDARD = gnu11;
				GCC_DYNAMIC_NO_PIC = NO;
				GCC_NO_COMMON_BLOCKS = YES;
				GCC_OPTIMIZATION_LEVEL = 0;
				GCC_PREPROCESSOR_DEFINITIONS = (
					"DEBUG=1",
					"$(inherited)",
				);
				GCC_WARN_64_TO_32_BIT_CONVERSION = YES;
				GCC_WARN_ABOUT_RETURN_TYPE = YES_ERROR;
				GCC_WARN_UNDECLARED_SELECTOR = YES;
				GCC_WARN_UNINITIALIZED_AUTOS = YES_AGGRESSIVE;
				GCC_WARN_UNUSED_FUNCTION = YES;
				GCC_WARN_UNUSED_VARIABLE = YES;
				IPHONEOS_DEPLOYMENT_TARGET = 12.2;
				MTL_ENABLE_DEBUG_INFO = INCLUDE_SOURCE;
				MTL_FAST_MATH = YES;
				ONLY_ACTIVE_ARCH = YES;
				SDKROOT = iphoneos;
			};
			name = Debug;
		};
		3B14F3A62284797F004D3FE3 /* Release */ = {
			isa = XCBuildConfiguration;
			buildSettings = {
				ALWAYS_SEARCH_USER_PATHS = NO;
				CLANG_ANALYZER_NONNULL = YES;
				CLANG_ANALYZER_NUMBER_OBJECT_CONVERSION = YES_AGGRESSIVE;
				CLANG_CXX_LANGUAGE_STANDARD = "gnu++14";
				CLANG_CXX_LIBRARY = "libc++";
				CLANG_ENABLE_MODULES = YES;
				CLANG_ENABLE_OBJC_ARC = YES;
				CLANG_ENABLE_OBJC_WEAK = YES;
				CLANG_WARN_BLOCK_CAPTURE_AUTORELEASING = YES;
				CLANG_WARN_BOOL_CONVERSION = YES;
				CLANG_WARN_COMMA = YES;
				CLANG_WARN_CONSTANT_CONVERSION = YES;
				CLANG_WARN_DEPRECATED_OBJC_IMPLEMENTATIONS = YES;
				CLANG_WARN_DIRECT_OBJC_ISA_USAGE = YES_ERROR;
				CLANG_WARN_DOCUMENTATION_COMMENTS = YES;
				CLANG_WARN_EMPTY_BODY = YES;
				CLANG_WARN_ENUM_CONVERSION = YES;
				CLANG_WARN_INFINITE_RECURSION = YES;
				CLANG_WARN_INT_CONVERSION = YES;
				CLANG_WARN_NON_LITERAL_NULL_CONVERSION = YES;
				CLANG_WARN_OBJC_IMPLICIT_RETAIN_SELF = YES;
				CLANG_WARN_OBJC_LITERAL_CONVERSION = YES;
				CLANG_WARN_OBJC_ROOT_CLASS = YES_ERROR;
				CLANG_WARN_RANGE_LOOP_ANALYSIS = YES;
				CLANG_WARN_STRICT_PROTOTYPES = YES;
				CLANG_WARN_SUSPICIOUS_MOVE = YES;
				CLANG_WARN_UNGUARDED_AVAILABILITY = YES_AGGRESSIVE;
				CLANG_WARN_UNREACHABLE_CODE = YES;
				CLANG_WARN__DUPLICATE_METHOD_MATCH = YES;
				CODE_SIGN_IDENTITY = "iPhone Developer";
				COPY_PHASE_STRIP = NO;
				DEBUG_INFORMATION_FORMAT = "dwarf-with-dsym";
				ENABLE_NS_ASSERTIONS = NO;
				ENABLE_STRICT_OBJC_MSGSEND = YES;
				GCC_C_LANGUAGE_STANDARD = gnu11;
				GCC_NO_COMMON_BLOCKS = YES;
				GCC_WARN_64_TO_32_BIT_CONVERSION = YES;
				GCC_WARN_ABOUT_RETURN_TYPE = YES_ERROR;
				GCC_WARN_UNDECLARED_SELECTOR = YES;
				GCC_WARN_UNINITIALIZED_AUTOS = YES_AGGRESSIVE;
				GCC_WARN_UNUSED_FUNCTION = YES;
				GCC_WARN_UNUSED_VARIABLE = YES;
				IPHONEOS_DEPLOYMENT_TARGET = 12.2;
				MTL_ENABLE_DEBUG_INFO = NO;
				MTL_FAST_MATH = YES;
				SDKROOT = iphoneos;
				VALIDATE_PRODUCT = YES;
			};
			name = Release;
		};
		3B14F3A82284797F004D3FE3 /* Debug */ = {
			isa = XCBuildConfiguration;
			buildSettings = {
				ASSETCATALOG_COMPILER_APPICON_NAME = AppIcon;
				ASSETCATALOG_COMPILER_LAUNCHIMAGE_NAME = LaunchImage;
				CODE_SIGN_STYLE = Automatic;
				DEVELOPMENT_TEAM = LSRRXAH5MP;
				INFOPLIST_FILE = YZAlertDemo/Info.plist;
				IPHONEOS_DEPLOYMENT_TARGET = 8.0;
				LD_RUNPATH_SEARCH_PATHS = (
					"$(inherited)",
					"@executable_path/Frameworks",
				);
				LIBRARY_SEARCH_PATHS = (
					"$(inherited)",
					"$(PROJECT_DIR)/YZAlertDemo/YZAlert",
				);
				PRODUCT_BUNDLE_IDENTIFIER = com.591xt.YZAlert.YZAlertDemo;
				PRODUCT_NAME = "$(TARGET_NAME)";
				TARGETED_DEVICE_FAMILY = 1;
			};
			name = Debug;
		};
		3B14F3A92284797F004D3FE3 /* Release */ = {
			isa = XCBuildConfiguration;
			buildSettings = {
				ASSETCATALOG_COMPILER_APPICON_NAME = AppIcon;
				ASSETCATALOG_COMPILER_LAUNCHIMAGE_NAME = LaunchImage;
				CODE_SIGN_STYLE = Automatic;
				DEVELOPMENT_TEAM = LSRRXAH5MP;
				INFOPLIST_FILE = YZAlertDemo/Info.plist;
				IPHONEOS_DEPLOYMENT_TARGET = 8.0;
				LD_RUNPATH_SEARCH_PATHS = (
					"$(inherited)",
					"@executable_path/Frameworks",
				);
				LIBRARY_SEARCH_PATHS = (
					"$(inherited)",
					"$(PROJECT_DIR)/YZAlertDemo/YZAlert",
				);
				PRODUCT_BUNDLE_IDENTIFIER = com.591xt.YZAlert.YZAlertDemo;
				PRODUCT_NAME = "$(TARGET_NAME)";
				TARGETED_DEVICE_FAMILY = 1;
			};
			name = Release;
		};
		3B14F3AB2284797F004D3FE3 /* Debug */ = {
			isa = XCBuildConfiguration;
			buildSettings = {
				BUNDLE_LOADER = "$(TEST_HOST)";
				CODE_SIGN_STYLE = Automatic;
				INFOPLIST_FILE = YZAlertDemoTests/Info.plist;
				LD_RUNPATH_SEARCH_PATHS = (
					"$(inherited)",
					"@executable_path/Frameworks",
					"@loader_path/Frameworks",
				);
				PRODUCT_BUNDLE_IDENTIFIER = com.591xt.YZAlert.YZAlertDemoTests;
				PRODUCT_NAME = "$(TARGET_NAME)";
				TARGETED_DEVICE_FAMILY = "1,2";
				TEST_HOST = "$(BUILT_PRODUCTS_DIR)/YZAlertDemo.app/YZAlertDemo";
			};
			name = Debug;
		};
		3B14F3AC2284797F004D3FE3 /* Release */ = {
			isa = XCBuildConfiguration;
			buildSettings = {
				BUNDLE_LOADER = "$(TEST_HOST)";
				CODE_SIGN_STYLE = Automatic;
				INFOPLIST_FILE = YZAlertDemoTests/Info.plist;
				LD_RUNPATH_SEARCH_PATHS = (
					"$(inherited)",
					"@executable_path/Frameworks",
					"@loader_path/Frameworks",
				);
				PRODUCT_BUNDLE_IDENTIFIER = com.591xt.YZAlert.YZAlertDemoTests;
				PRODUCT_NAME = "$(TARGET_NAME)";
				TARGETED_DEVICE_FAMILY = "1,2";
				TEST_HOST = "$(BUILT_PRODUCTS_DIR)/YZAlertDemo.app/YZAlertDemo";
			};
			name = Release;
		};
		3B14F3AE2284797F004D3FE3 /* Debug */ = {
			isa = XCBuildConfiguration;
			buildSettings = {
				CODE_SIGN_STYLE = Automatic;
				INFOPLIST_FILE = YZAlertDemoUITests/Info.plist;
				LD_RUNPATH_SEARCH_PATHS = (
					"$(inherited)",
					"@executable_path/Frameworks",
					"@loader_path/Frameworks",
				);
				PRODUCT_BUNDLE_IDENTIFIER = com.591xt.YZAlert.YZAlertDemoUITests;
				PRODUCT_NAME = "$(TARGET_NAME)";
				TARGETED_DEVICE_FAMILY = "1,2";
				TEST_TARGET_NAME = YZAlertDemo;
			};
			name = Debug;
		};
		3B14F3AF2284797F004D3FE3 /* Release */ = {
			isa = XCBuildConfiguration;
			buildSettings = {
				CODE_SIGN_STYLE = Automatic;
				INFOPLIST_FILE = YZAlertDemoUITests/Info.plist;
				LD_RUNPATH_SEARCH_PATHS = (
					"$(inherited)",
					"@executable_path/Frameworks",
					"@loader_path/Frameworks",
				);
				PRODUCT_BUNDLE_IDENTIFIER = com.591xt.YZAlert.YZAlertDemoUITests;
				PRODUCT_NAME = "$(TARGET_NAME)";
				TARGETED_DEVICE_FAMILY = "1,2";
				TEST_TARGET_NAME = YZAlertDemo;
			};
			name = Release;
		};
/* End XCBuildConfiguration section */

/* Begin XCConfigurationList section */
		3B14F3762284797D004D3FE3 /* Build configuration list for PBXProject "YZAlertDemo" */ = {
			isa = XCConfigurationList;
			buildConfigurations = (
				3B14F3A52284797F004D3FE3 /* Debug */,
				3B14F3A62284797F004D3FE3 /* Release */,
			);
			defaultConfigurationIsVisible = 0;
			defaultConfigurationName = Release;
		};
		3B14F3A72284797F004D3FE3 /* Build configuration list for PBXNativeTarget "YZAlertDemo" */ = {
			isa = XCConfigurationList;
			buildConfigurations = (
				3B14F3A82284797F004D3FE3 /* Debug */,
				3B14F3A92284797F004D3FE3 /* Release */,
			);
			defaultConfigurationIsVisible = 0;
			defaultConfigurationName = Release;
		};
		3B14F3AA2284797F004D3FE3 /* Build configuration list for PBXNativeTarget "YZAlertDemoTests" */ = {
			isa = XCConfigurationList;
			buildConfigurations = (
				3B14F3AB2284797F004D3FE3 /* Debug */,
				3B14F3AC2284797F004D3FE3 /* Release */,
			);
			defaultConfigurationIsVisible = 0;
			defaultConfigurationName = Release;
		};
		3B14F3AD2284797F004D3FE3 /* Build configuration list for PBXNativeTarget "YZAlertDemoUITests" */ = {
			isa = XCConfigurationList;
			buildConfigurations = (
				3B14F3AE2284797F004D3FE3 /* Debug */,
				3B14F3AF2284797F004D3FE3 /* Release */,
			);
			defaultConfigurationIsVisible = 0;
			defaultConfigurationName = Release;
		};
/* End XCConfigurationList section */
	};
	rootObject = 3B14F3732284797D004D3FE3 /* Project object */;
}
